
Microsoft Visual Studio Solution File, Format Version 12.00
# Visual Studio Version 17
VisualStudioVersion = 17.8.34212.112
MinimumVisualStudioVersion = 10.0.40219.1
Project("{2150E333-8FDC-42A3-9474-1A3956D46DE8}") = "Solution Items", "Solution Items", "{22CED42A-3C4C-4282-BB23-2B999492A3F5}"
	ProjectSection(SolutionItems) = preProject
		.editorconfig = .editorconfig
		Configuration.Mod.props = Configuration.Mod.props
		Configuration.props = Configuration.props
		Configuration.props.user = Configuration.props.user
		Directory.Build.props = Directory.Build.props
	EndProjectSection
EndProject
Project("{9A19103F-16F7-4668-BE54-9A1E7A4F7556}") = "CodexHelper", "CodexHelper\CodexHelper.csproj", "{C649604D-9E77-42E4-B0A8-173A7C4D2AF3}"
EndProject
Project("{D954291E-2A0B-460D-934E-DC6B0785DB48}") = "_Shared", "_Shared\_Shared.shproj", "{A0276A09-5FDF-4352-ADF4-ED072DA21953}"
EndProject
Project("{9A19103F-16F7-4668-BE54-9A1E7A4F7556}") = "CrewSelectionHelper", "CrewSelectionHelper\CrewSelectionHelper.csproj", "{F02CBA30-8C1F-4192-89BE-63874084D16D}"
EndProject
Project("{9A19103F-16F7-4668-BE54-9A1E7A4F7556}") = "Rerolls", "Rerolls\Rerolls.csproj", "{26F4B3C4-C636-4358-8E4F-ED592E2629BB}"
EndProject
Project("{9A19103F-16F7-4668-BE54-9A1E7A4F7556}") = "Wormholes", "Wormholes\Wormholes.csproj", "{AD25E0F4-175F-4FB8-927F-F07433BCE6B3}"
EndProject
Project("{9A19103F-16F7-4668-BE54-9A1E7A4F7556}") = "Kokoro", "Kokoro\Kokoro.csproj", "{CAA4F9F1-1BA1-40B9-AC8C-520469F1E7A2}"
EndProject
Project("{9A19103F-16F7-4668-BE54-9A1E7A4F7556}") = "DuoArtifacts", "DuoArtifacts\DuoArtifacts.csproj", "{E9A3D7BC-BD41-48DC-9ACB-56B9CAE5725B}"
EndProject
Project("{9A19103F-16F7-4668-BE54-9A1E7A4F7556}") = "Soggins", "Soggins\Soggins.csproj", "{E363F17F-C5F1-4594-AD2F-6204FCDDE6C5}"
EndProject
Project("{9A19103F-16F7-4668-BE54-9A1E7A4F7556}") = "Dracula", "Dracula\Dracula.csproj", "{5820F297-795C-414F-9D2D-6B401165828B}"
EndProject
Global
	GlobalSection(SolutionConfigurationPlatforms) = preSolution
		Debug|Any CPU = Debug|Any CPU
		Release|Any CPU = Release|Any CPU
	EndGlobalSection
	GlobalSection(ProjectConfigurationPlatforms) = postSolution
		{C649604D-9E77-42E4-B0A8-173A7C4D2AF3}.Debug|Any CPU.ActiveCfg = Debug|Any CPU
		{C649604D-9E77-42E4-B0A8-173A7C4D2AF3}.Debug|Any CPU.Build.0 = Debug|Any CPU
		{C649604D-9E77-42E4-B0A8-173A7C4D2AF3}.Release|Any CPU.ActiveCfg = Release|Any CPU
		{C649604D-9E77-42E4-B0A8-173A7C4D2AF3}.Release|Any CPU.Build.0 = Release|Any CPU
		{F02CBA30-8C1F-4192-89BE-63874084D16D}.Debug|Any CPU.ActiveCfg = Debug|Any CPU
		{F02CBA30-8C1F-4192-89BE-63874084D16D}.Debug|Any CPU.Build.0 = Debug|Any CPU
		{F02CBA30-8C1F-4192-89BE-63874084D16D}.Release|Any CPU.ActiveCfg = Release|Any CPU
		{F02CBA30-8C1F-4192-89BE-63874084D16D}.Release|Any CPU.Build.0 = Release|Any CPU
		{26F4B3C4-C636-4358-8E4F-ED592E2629BB}.Debug|Any CPU.ActiveCfg = Debug|Any CPU
		{26F4B3C4-C636-4358-8E4F-ED592E2629BB}.Debug|Any CPU.Build.0 = Debug|Any CPU
		{26F4B3C4-C636-4358-8E4F-ED592E2629BB}.Release|Any CPU.ActiveCfg = Release|Any CPU
		{26F4B3C4-C636-4358-8E4F-ED592E2629BB}.Release|Any CPU.Build.0 = Release|Any CPU
		{AD25E0F4-175F-4FB8-927F-F07433BCE6B3}.Debug|Any CPU.ActiveCfg = Debug|Any CPU
		{AD25E0F4-175F-4FB8-927F-F07433BCE6B3}.Debug|Any CPU.Build.0 = Debug|Any CPU
		{AD25E0F4-175F-4FB8-927F-F07433BCE6B3}.Release|Any CPU.ActiveCfg = Release|Any CPU
		{AD25E0F4-175F-4FB8-927F-F07433BCE6B3}.Release|Any CPU.Build.0 = Release|Any CPU
		{CAA4F9F1-1BA1-40B9-AC8C-520469F1E7A2}.Debug|Any CPU.ActiveCfg = Debug|Any CPU
		{CAA4F9F1-1BA1-40B9-AC8C-520469F1E7A2}.Debug|Any CPU.Build.0 = Debug|Any CPU
		{CAA4F9F1-1BA1-40B9-AC8C-520469F1E7A2}.Release|Any CPU.ActiveCfg = Release|Any CPU
		{CAA4F9F1-1BA1-40B9-AC8C-520469F1E7A2}.Release|Any CPU.Build.0 = Release|Any CPU
		{E9A3D7BC-BD41-48DC-9ACB-56B9CAE5725B}.Debug|Any CPU.ActiveCfg = Debug|Any CPU
		{E9A3D7BC-BD41-48DC-9ACB-56B9CAE5725B}.Debug|Any CPU.Build.0 = Debug|Any CPU
		{E9A3D7BC-BD41-48DC-9ACB-56B9CAE5725B}.Release|Any CPU.ActiveCfg = Release|Any CPU
		{E9A3D7BC-BD41-48DC-9ACB-56B9CAE5725B}.Release|Any CPU.Build.0 = Release|Any CPU
		{E363F17F-C5F1-4594-AD2F-6204FCDDE6C5}.Debug|Any CPU.ActiveCfg = Debug|Any CPU
		{E363F17F-C5F1-4594-AD2F-6204FCDDE6C5}.Debug|Any CPU.Build.0 = Debug|Any CPU
		{E363F17F-C5F1-4594-AD2F-6204FCDDE6C5}.Release|Any CPU.ActiveCfg = Release|Any CPU
		{E363F17F-C5F1-4594-AD2F-6204FCDDE6C5}.Release|Any CPU.Build.0 = Release|Any CPU
		{5820F297-795C-414F-9D2D-6B401165828B}.Debug|Any CPU.ActiveCfg = Debug|Any CPU
		{5820F297-795C-414F-9D2D-6B401165828B}.Debug|Any CPU.Build.0 = Debug|Any CPU
		{5820F297-795C-414F-9D2D-6B401165828B}.Release|Any CPU.ActiveCfg = Release|Any CPU
		{5820F297-795C-414F-9D2D-6B401165828B}.Release|Any CPU.Build.0 = Release|Any CPU
	EndGlobalSection
	GlobalSection(SolutionProperties) = preSolution
		HideSolutionNode = FALSE
	EndGlobalSection
	GlobalSection(ExtensibilityGlobals) = postSolution
		SolutionGuid = {FF46E3B8-7CC8-4A40-BAB2-AC7A870A2AA5}
	EndGlobalSection
	GlobalSection(SharedMSBuildProjectFiles) = preSolution
		_Shared\_Shared.projitems*{26f4b3c4-c636-4358-8e4f-ed592e2629bb}*SharedItemsImports = 5
		_Shared\_Shared.projitems*{5820f297-795c-414f-9d2d-6b401165828b}*SharedItemsImports = 5
		_Shared\_Shared.projitems*{a0276a09-5fdf-4352-adf4-ed072da21953}*SharedItemsImports = 13
		_Shared\_Shared.projitems*{ad25e0f4-175f-4fb8-927f-f07433bce6b3}*SharedItemsImports = 5
		_Shared\_Shared.projitems*{c649604d-9e77-42e4-b0a8-173a7c4d2af3}*SharedItemsImports = 5
		_Shared\_Shared.projitems*{caa4f9f1-1ba1-40b9-ac8c-520469f1e7a2}*SharedItemsImports = 5
		_Shared\_Shared.projitems*{e363f17f-c5f1-4594-ad2f-6204fcdde6c5}*SharedItemsImports = 5
		_Shared\_Shared.projitems*{e9a3d7bc-bd41-48dc-9acb-56b9cae5725b}*SharedItemsImports = 5
		_Shared\_Shared.projitems*{f02cba30-8c1f-4192-89be-63874084d16d}*SharedItemsImports = 5
	EndGlobalSection
EndGlobal
