<Solution>
  <Folder Name="/Solution Items/">
    <File Path=".editorconfig" />
    <File Path="Configuration.Mod.props" />
    <File Path="Configuration.props" />
    <File Path="Configuration.props.user" />
    <File Path="Directory.Build.props" />
  </Folder>
  <Project Path="BetterRunSummaries/BetterRunSummaries.csproj" />
  <Project Path="Bjorn/Bjorn.csproj" />
  <Project Path="Bloch/Bloch.csproj" />
  <Project Path="CatExpansion/CatExpansion.csproj" />
  <Project Path="CodexHelper/CodexHelper.csproj" />
  <Project Path="ContentExporter/ContentExporter.csproj" />
  <Project Path="CustomRunOptions/CustomRunOptions.csproj" />
  <Project Path="Destiny/Destiny.csproj" />
  <Project Path="Dracula/Dracula.csproj" />
  <Project Path="DuoArtifacts/DuoArtifacts.csproj" />
  <Project Path="Dyna/Dyna.csproj" />
  <Project Path="EnemyPromotion/EnemyPromotion.csproj" />
  <Project Path="Johnson/Johnson.csproj" />
  <Project Path="Kokoro/Kokoro.csproj" />
  <Project Path="MORE/MORE.csproj" />
  <Project Path="Natasha/Natasha.csproj" />
  <Project Path="Rerolls/Rerolls.csproj" />
  <Project Path="Soggins/Soggins.csproj" />
  <Project Path="StarforgeInitiative/StarforgeInitiative.csproj" />
  <Project Path="UISuite/UISuite.csproj" />
  <Project Path="Wade/Wade.csproj" />
  <Project Path="_Media.Bjorn/_Media.Bjorn.csproj" />
  <Project Path="_Media.CatExpansion/_Media.CatExpansion.csproj" />
  <Project Path="_Media.ContentExporter/_Media.ContentExporter.csproj" />
  <Project Path="_Media.CustomRunOptions/_Media.CustomRunOptions.csproj" />
  <Project Path="_Media.Kokoro/_Media.Kokoro.csproj" />
  <Project Path="_Media.StarforgeInitiative/_Media.StarforgeInitiative.csproj" />
  <Project Path="_Media.UISuite/_Media.UISuite.csproj" />
  <Project Path="_MediaCommon/_MediaCommon.csproj" />
  <Project Path="_Shared/_Shared.shproj" />
</Solution>
