
Microsoft Visual Studio Solution File, Format Version 12.00
# Visual Studio Version 17
VisualStudioVersion = 17.8.34212.112
MinimumVisualStudioVersion = 10.0.40219.1
Project("{2150E333-8FDC-42A3-9474-1A3956D46DE8}") = "Solution Items", "Solution Items", "{22CED42A-3C4C-4282-BB23-2B999492A3F5}"
	ProjectSection(SolutionItems) = preProject
		.editorconfig = .editorconfig
		Configuration.Mod.props = Configuration.Mod.props
		Configuration.props = Configuration.props
		Configuration.props.user = Configuration.props.user
		Directory.Build.props = Directory.Build.props
	EndProjectSection
EndProject
Project("{9A19103F-16F7-4668-BE54-9A1E7A4F7556}") = "CodexHelper", "CodexHelper\CodexHelper.csproj", "{C649604D-9E77-42E4-B0A8-173A7C4D2AF3}"
EndProject
Project("{D954291E-2A0B-460D-934E-DC6B0785DB48}") = "_Shared", "_Shared\_Shared.shproj", "{A0276A09-5FDF-4352-ADF4-ED072DA21953}"
EndProject
Project("{9A19103F-16F7-4668-BE54-9A1E7A4F7556}") = "Rerolls", "Rerolls\Rerolls.csproj", "{26F4B3C4-C636-4358-8E4F-ED592E2629BB}"
EndProject
Project("{9A19103F-16F7-4668-BE54-9A1E7A4F7556}") = "Wormholes", "Wormholes\Wormholes.csproj", "{AD25E0F4-175F-4FB8-927F-F07433BCE6B3}"
EndProject
Project("{9A19103F-16F7-4668-BE54-9A1E7A4F7556}") = "Kokoro", "Kokoro\Kokoro.csproj", "{CAA4F9F1-1BA1-40B9-AC8C-520469F1E7A2}"
EndProject
Project("{9A19103F-16F7-4668-BE54-9A1E7A4F7556}") = "DuoArtifacts", "DuoArtifacts\DuoArtifacts.csproj", "{E9A3D7BC-BD41-48DC-9ACB-56B9CAE5725B}"
EndProject
Project("{9A19103F-16F7-4668-BE54-9A1E7A4F7556}") = "Soggins", "Soggins\Soggins.csproj", "{E363F17F-C5F1-4594-AD2F-6204FCDDE6C5}"
EndProject
Project("{9A19103F-16F7-4668-BE54-9A1E7A4F7556}") = "Dracula", "Dracula\Dracula.csproj", "{5820F297-795C-414F-9D2D-6B401165828B}"
EndProject
Project("{9A19103F-16F7-4668-BE54-9A1E7A4F7556}") = "Johnson", "Johnson\Johnson.csproj", "{1455E3E8-CAF2-4CF5-ACFE-951CEC4D1EB4}"
EndProject
Project("{9A19103F-16F7-4668-BE54-9A1E7A4F7556}") = "Dyna", "Dyna\Dyna.csproj", "{CF83B02E-C4DC-4F8C-BB84-6BDDE883F5C1}"
EndProject
Project("{9A19103F-16F7-4668-BE54-9A1E7A4F7556}") = "Bloch", "Bloch\Bloch.csproj", "{57783051-6882-4F42-A260-E557D788B64D}"
EndProject
Project("{9A19103F-16F7-4668-BE54-9A1E7A4F7556}") = "BetterRunSummaries", "BetterRunSummaries\BetterRunSummaries.csproj", "{224C4F0C-5499-413B-839F-F13A7DE1A5E7}"
EndProject
Project("{9A19103F-16F7-4668-BE54-9A1E7A4F7556}") = "MORE", "MORE\MORE.csproj", "{A324EDAF-B4B3-4F19-AFF6-81A8B90E8CE4}"
EndProject
Project("{FAE04EC0-301F-11D3-BF4B-00C04F79EFBC}") = "Natasha", "Natasha\Natasha.csproj", "{6E364255-1F38-4004-AD23-E64CFE7AEC47}"
EndProject
Project("{FAE04EC0-301F-11D3-BF4B-00C04F79EFBC}") = "_Media.Kokoro", "_Media.Kokoro\_Media.Kokoro.csproj", "{CB5964AC-8183-46EA-9062-C4405064A48D}"
EndProject
Project("{FAE04EC0-301F-11D3-BF4B-00C04F79EFBC}") = "_MediaCommon", "_MediaCommon\_MediaCommon.csproj", "{8AA3B346-EE1E-4ADC-A3E4-6ABA4A7BFE22}"
EndProject
Project("{FAE04EC0-301F-11D3-BF4B-00C04F79EFBC}") = "UISuite", "UISuite\UISuite.csproj", "{7EAD752D-B556-439D-BDCB-96B0608CD13C}"
EndProject
Project("{FAE04EC0-301F-11D3-BF4B-00C04F79EFBC}") = "_Media.UISuite", "_Media.UISuite\_Media.UISuite.csproj", "{B4EF3586-6AE5-4A90-A23D-ADBB6C49F959}"
EndProject
Global
	GlobalSection(SolutionConfigurationPlatforms) = preSolution
		Debug|Any CPU = Debug|Any CPU
		Release|Any CPU = Release|Any CPU
	EndGlobalSection
	GlobalSection(ProjectConfigurationPlatforms) = postSolution
		{C649604D-9E77-42E4-B0A8-173A7C4D2AF3}.Debug|Any CPU.ActiveCfg = Debug|Any CPU
		{C649604D-9E77-42E4-B0A8-173A7C4D2AF3}.Debug|Any CPU.Build.0 = Debug|Any CPU
		{C649604D-9E77-42E4-B0A8-173A7C4D2AF3}.Release|Any CPU.ActiveCfg = Release|Any CPU
		{C649604D-9E77-42E4-B0A8-173A7C4D2AF3}.Release|Any CPU.Build.0 = Release|Any CPU
		{26F4B3C4-C636-4358-8E4F-ED592E2629BB}.Debug|Any CPU.ActiveCfg = Debug|Any CPU
		{26F4B3C4-C636-4358-8E4F-ED592E2629BB}.Debug|Any CPU.Build.0 = Debug|Any CPU
		{26F4B3C4-C636-4358-8E4F-ED592E2629BB}.Release|Any CPU.ActiveCfg = Release|Any CPU
		{26F4B3C4-C636-4358-8E4F-ED592E2629BB}.Release|Any CPU.Build.0 = Release|Any CPU
		{AD25E0F4-175F-4FB8-927F-F07433BCE6B3}.Debug|Any CPU.ActiveCfg = Debug|Any CPU
		{AD25E0F4-175F-4FB8-927F-F07433BCE6B3}.Debug|Any CPU.Build.0 = Debug|Any CPU
		{AD25E0F4-175F-4FB8-927F-F07433BCE6B3}.Release|Any CPU.ActiveCfg = Release|Any CPU
		{AD25E0F4-175F-4FB8-927F-F07433BCE6B3}.Release|Any CPU.Build.0 = Release|Any CPU
		{CAA4F9F1-1BA1-40B9-AC8C-520469F1E7A2}.Debug|Any CPU.ActiveCfg = Debug|Any CPU
		{CAA4F9F1-1BA1-40B9-AC8C-520469F1E7A2}.Debug|Any CPU.Build.0 = Debug|Any CPU
		{CAA4F9F1-1BA1-40B9-AC8C-520469F1E7A2}.Release|Any CPU.ActiveCfg = Release|Any CPU
		{CAA4F9F1-1BA1-40B9-AC8C-520469F1E7A2}.Release|Any CPU.Build.0 = Release|Any CPU
		{E9A3D7BC-BD41-48DC-9ACB-56B9CAE5725B}.Debug|Any CPU.ActiveCfg = Debug|Any CPU
		{E9A3D7BC-BD41-48DC-9ACB-56B9CAE5725B}.Debug|Any CPU.Build.0 = Debug|Any CPU
		{E9A3D7BC-BD41-48DC-9ACB-56B9CAE5725B}.Release|Any CPU.ActiveCfg = Release|Any CPU
		{E9A3D7BC-BD41-48DC-9ACB-56B9CAE5725B}.Release|Any CPU.Build.0 = Release|Any CPU
		{E363F17F-C5F1-4594-AD2F-6204FCDDE6C5}.Debug|Any CPU.ActiveCfg = Debug|Any CPU
		{E363F17F-C5F1-4594-AD2F-6204FCDDE6C5}.Debug|Any CPU.Build.0 = Debug|Any CPU
		{E363F17F-C5F1-4594-AD2F-6204FCDDE6C5}.Release|Any CPU.ActiveCfg = Release|Any CPU
		{E363F17F-C5F1-4594-AD2F-6204FCDDE6C5}.Release|Any CPU.Build.0 = Release|Any CPU
		{5820F297-795C-414F-9D2D-6B401165828B}.Debug|Any CPU.ActiveCfg = Debug|Any CPU
		{5820F297-795C-414F-9D2D-6B401165828B}.Debug|Any CPU.Build.0 = Debug|Any CPU
		{5820F297-795C-414F-9D2D-6B401165828B}.Release|Any CPU.ActiveCfg = Release|Any CPU
		{5820F297-795C-414F-9D2D-6B401165828B}.Release|Any CPU.Build.0 = Release|Any CPU
		{1455E3E8-CAF2-4CF5-ACFE-951CEC4D1EB4}.Debug|Any CPU.ActiveCfg = Debug|Any CPU
		{1455E3E8-CAF2-4CF5-ACFE-951CEC4D1EB4}.Debug|Any CPU.Build.0 = Debug|Any CPU
		{1455E3E8-CAF2-4CF5-ACFE-951CEC4D1EB4}.Release|Any CPU.ActiveCfg = Release|Any CPU
		{1455E3E8-CAF2-4CF5-ACFE-951CEC4D1EB4}.Release|Any CPU.Build.0 = Release|Any CPU
		{CF83B02E-C4DC-4F8C-BB84-6BDDE883F5C1}.Debug|Any CPU.ActiveCfg = Debug|Any CPU
		{CF83B02E-C4DC-4F8C-BB84-6BDDE883F5C1}.Debug|Any CPU.Build.0 = Debug|Any CPU
		{CF83B02E-C4DC-4F8C-BB84-6BDDE883F5C1}.Release|Any CPU.ActiveCfg = Release|Any CPU
		{CF83B02E-C4DC-4F8C-BB84-6BDDE883F5C1}.Release|Any CPU.Build.0 = Release|Any CPU
		{57783051-6882-4F42-A260-E557D788B64D}.Debug|Any CPU.ActiveCfg = Debug|Any CPU
		{57783051-6882-4F42-A260-E557D788B64D}.Debug|Any CPU.Build.0 = Debug|Any CPU
		{57783051-6882-4F42-A260-E557D788B64D}.Release|Any CPU.ActiveCfg = Release|Any CPU
		{57783051-6882-4F42-A260-E557D788B64D}.Release|Any CPU.Build.0 = Release|Any CPU
		{224C4F0C-5499-413B-839F-F13A7DE1A5E7}.Debug|Any CPU.ActiveCfg = Debug|Any CPU
		{224C4F0C-5499-413B-839F-F13A7DE1A5E7}.Debug|Any CPU.Build.0 = Debug|Any CPU
		{224C4F0C-5499-413B-839F-F13A7DE1A5E7}.Release|Any CPU.ActiveCfg = Release|Any CPU
		{224C4F0C-5499-413B-839F-F13A7DE1A5E7}.Release|Any CPU.Build.0 = Release|Any CPU
		{A324EDAF-B4B3-4F19-AFF6-81A8B90E8CE4}.Debug|Any CPU.ActiveCfg = Debug|Any CPU
		{A324EDAF-B4B3-4F19-AFF6-81A8B90E8CE4}.Debug|Any CPU.Build.0 = Debug|Any CPU
		{A324EDAF-B4B3-4F19-AFF6-81A8B90E8CE4}.Release|Any CPU.ActiveCfg = Release|Any CPU
		{A324EDAF-B4B3-4F19-AFF6-81A8B90E8CE4}.Release|Any CPU.Build.0 = Release|Any CPU
		{6E364255-1F38-4004-AD23-E64CFE7AEC47}.Debug|Any CPU.ActiveCfg = Debug|Any CPU
		{6E364255-1F38-4004-AD23-E64CFE7AEC47}.Debug|Any CPU.Build.0 = Debug|Any CPU
		{6E364255-1F38-4004-AD23-E64CFE7AEC47}.Release|Any CPU.ActiveCfg = Release|Any CPU
		{6E364255-1F38-4004-AD23-E64CFE7AEC47}.Release|Any CPU.Build.0 = Release|Any CPU
		{CB5964AC-8183-46EA-9062-C4405064A48D}.Debug|Any CPU.ActiveCfg = Debug|Any CPU
		{CB5964AC-8183-46EA-9062-C4405064A48D}.Debug|Any CPU.Build.0 = Debug|Any CPU
		{CB5964AC-8183-46EA-9062-C4405064A48D}.Release|Any CPU.ActiveCfg = Release|Any CPU
		{CB5964AC-8183-46EA-9062-C4405064A48D}.Release|Any CPU.Build.0 = Release|Any CPU
		{8AA3B346-EE1E-4ADC-A3E4-6ABA4A7BFE22}.Debug|Any CPU.ActiveCfg = Debug|Any CPU
		{8AA3B346-EE1E-4ADC-A3E4-6ABA4A7BFE22}.Debug|Any CPU.Build.0 = Debug|Any CPU
		{8AA3B346-EE1E-4ADC-A3E4-6ABA4A7BFE22}.Release|Any CPU.ActiveCfg = Release|Any CPU
		{8AA3B346-EE1E-4ADC-A3E4-6ABA4A7BFE22}.Release|Any CPU.Build.0 = Release|Any CPU
		{7EAD752D-B556-439D-BDCB-96B0608CD13C}.Debug|Any CPU.ActiveCfg = Debug|Any CPU
		{7EAD752D-B556-439D-BDCB-96B0608CD13C}.Debug|Any CPU.Build.0 = Debug|Any CPU
		{7EAD752D-B556-439D-BDCB-96B0608CD13C}.Release|Any CPU.ActiveCfg = Release|Any CPU
		{7EAD752D-B556-439D-BDCB-96B0608CD13C}.Release|Any CPU.Build.0 = Release|Any CPU
		{B4EF3586-6AE5-4A90-A23D-ADBB6C49F959}.Debug|Any CPU.ActiveCfg = Debug|Any CPU
		{B4EF3586-6AE5-4A90-A23D-ADBB6C49F959}.Debug|Any CPU.Build.0 = Debug|Any CPU
		{B4EF3586-6AE5-4A90-A23D-ADBB6C49F959}.Release|Any CPU.ActiveCfg = Release|Any CPU
		{B4EF3586-6AE5-4A90-A23D-ADBB6C49F959}.Release|Any CPU.Build.0 = Release|Any CPU
	EndGlobalSection
	GlobalSection(SolutionProperties) = preSolution
		HideSolutionNode = FALSE
	EndGlobalSection
	GlobalSection(ExtensibilityGlobals) = postSolution
		SolutionGuid = {FF46E3B8-7CC8-4A40-BAB2-AC7A870A2AA5}
	EndGlobalSection
	GlobalSection(SharedMSBuildProjectFiles) = preSolution
		_Shared\_Shared.projitems*{1455e3e8-caf2-4cf5-acfe-951cec4d1eb4}*SharedItemsImports = 5
		_Shared\_Shared.projitems*{224c4f0c-5499-413b-839f-f13a7de1a5e7}*SharedItemsImports = 5
		_Shared\_Shared.projitems*{26f4b3c4-c636-4358-8e4f-ed592e2629bb}*SharedItemsImports = 5
		_Shared\_Shared.projitems*{57783051-6882-4f42-a260-e557d788b64d}*SharedItemsImports = 5
		_Shared\_Shared.projitems*{5820f297-795c-414f-9d2d-6b401165828b}*SharedItemsImports = 5
		_Shared\_Shared.projitems*{6e364255-1f38-4004-ad23-e64cfe7aec47}*SharedItemsImports = 5
		_Shared\_Shared.projitems*{a0276a09-5fdf-4352-adf4-ed072da21953}*SharedItemsImports = 13
		_Shared\_Shared.projitems*{a324edaf-b4b3-4f19-aff6-81a8b90e8ce4}*SharedItemsImports = 5
		_Shared\_Shared.projitems*{ad25e0f4-175f-4fb8-927f-f07433bce6b3}*SharedItemsImports = 5
		_Shared\_Shared.projitems*{c649604d-9e77-42e4-b0a8-173a7c4d2af3}*SharedItemsImports = 5
		_Shared\_Shared.projitems*{caa4f9f1-1ba1-40b9-ac8c-520469f1e7a2}*SharedItemsImports = 5
		_Shared\_Shared.projitems*{cf83b02e-c4dc-4f8c-bb84-6bdde883f5c1}*SharedItemsImports = 5
		_Shared\_Shared.projitems*{e363f17f-c5f1-4594-ad2f-6204fcdde6c5}*SharedItemsImports = 5
		_Shared\_Shared.projitems*{e9a3d7bc-bd41-48dc-9acb-56b9cae5725b}*SharedItemsImports = 5
	EndGlobalSection
EndGlobal
